
Microsoft Visual Studio Solution File, Format Version 12.00
# Visual Studio 15
VisualStudioVersion = 15.0.34112.143
MinimumVisualStudioVersion = 10.0.40219.1
Project("{8BC9CEB8-8B4A-11D0-8D11-00A0C91BC942}") = "Initializers", "Initializers\Initializers.vcxproj", "{ABDCD7C5-7800-4BCE-BE24-601FF234D78C}"
EndProject
Project("{8BC9CEB8-8B4A-11D0-8D11-00A0C91BC942}") = "MemScopes", "MemScopes\MemScopes.vcxproj", "{3BFC6FF5-EFD4-4DC3-9787-EC6935642BA8}"
EndProject
Project("{8BC9CEB8-8B4A-11D0-8D11-00A0C91BC942}") = "Enums", "Enums\Enums.vcxproj", "{88F77044-FAE4-4090-9FC9-11FD6608663A}"
EndProject
Project("{8BC9CEB8-8B4A-11D0-8D11-00A0C91BC942}") = "Ascii", "Ascii\Ascii.vcxproj", "{D4C2D019-9FC1-4A5F-B8E4-A8FBD9D50CAF}"
EndProject
Project("{8BC9CEB8-8B4A-11D0-8D11-00A0C91BC942}") = "Switch", "Switch\Switch.vcxproj", "{E3FFC333-01DB-40CB-8EF1-822A705AB2B1}"
EndProject
Project("{8BC9CEB8-8B4A-11D0-8D11-00A0C91BC942}") = "Arrays", "Arrays\Arrays.vcxproj", "{5511BE3B-C101-4525-8364-6A86A7B2DFBC}"
EndProject
Project("{8BC9CEB8-8B4A-11D0-8D11-00A0C91BC942}") = "Pointers", "Pointers\Pointers.vcxproj", "{3820930F-1FBF-45FB-BD86-706C4A336AEC}"
EndProject
Project("{8BC9CEB8-8B4A-11D0-8D11-00A0C91BC942}") = "DynamicMemory", "DynamicMemory\DynamicMemory.vcxproj", "{0EF91D4A-ADAA-4C5B-96F7-E37F754AA240}"
EndProject
Project("{8BC9CEB8-8B4A-11D0-8D11-00A0C91BC942}") = "References", "References\References.vcxproj", "{8D43BD7B-B89B-40F9-A271-B6CC7A4DB1AA}"
EndProject
Project("{8BC9CEB8-8B4A-11D0-8D11-00A0C91BC942}") = "MoveSemantics", "MoveSemantics\MoveSemantics.vcxproj", "{D011EE3F-FB1B-498B-A792-C9CC4E358DF1}"
EndProject
Project("{8BC9CEB8-8B4A-11D0-8D11-00A0C91BC942}") = "LvaluesRvalues", "LvaluesRvalues\LvaluesRvalues.vcxproj", "{3D5760CF-7794-459F-BCEE-748D1B65C4EB}"
EndProject
Project("{8BC9CEB8-8B4A-11D0-8D11-00A0C91BC942}") = "PropertyMacro", "PropertyMacro\PropertyMacro.vcxproj", "{819F2452-CAF0-4872-9686-A746050643AC}"
EndProject
Project("{8BC9CEB8-8B4A-11D0-8D11-00A0C91BC942}") = "Reflection", "Reflection\Reflection.vcxproj", "{40E32714-2E80-439D-8F6B-0CDF92728870}"
EndProject
Project("{8BC9CEB8-8B4A-11D0-8D11-00A0C91BC942}") = "ForwardDeclarations", "ForwardDeclarations\ForwardDeclarations.vcxproj", "{83C1B5F8-0B4C-43BA-BFF7-ABA4F2FDFA55}"
EndProject
Project("{8BC9CEB8-8B4A-11D0-8D11-00A0C91BC942}") = "UsingVsUsingNamespace", "UsingVsUsingNamespace\UsingVsUsingNamespace.vcxproj", "{1EBA747D-0737-414D-9993-BA2AF22BD537}"
EndProject
Project("{8BC9CEB8-8B4A-11D0-8D11-00A0C91BC942}") = "Vectors", "Vectors\Vectors.vcxproj", "{36866361-7A07-44C3-9A8C-3AE76BDB5F4F}"
EndProject
Project("{8BC9CEB8-8B4A-11D0-8D11-00A0C91BC942}") = "SearchAStar", "SearchAStar\SearchAStar.vcxproj", "{96436AF1-E263-401F-9928-E31854024573}"
EndProject
Project("{8BC9CEB8-8B4A-11D0-8D11-00A0C91BC942}") = "ConstAndConstexpr", "ConstAndConstexpr\ConstAndConstexpr.vcxproj", "{03B8A462-8D1E-47A6-A2D3-4BDDA3BDDC4C}"
EndProject
Project("{8BC9CEB8-8B4A-11D0-8D11-00A0C91BC942}") = "UnorderedMap", "UnorderedMap\UnorderedMap.vcxproj", "{5EBF8ECD-D4B2-4783-935B-893DD7329C6E}"
EndProject
Project("{8BC9CEB8-8B4A-11D0-8D11-00A0C91BC942}") = "Friends", "Friends\Friends.vcxproj", "{26E08785-3CD7-49DA-B1EE-F33D786036B0}"
EndProject
Project("{8BC9CEB8-8B4A-11D0-8D11-00A0C91BC942}") = "Overloading", "Overloading\Overloading.vcxproj", "{5F737423-EECF-4BAA-86A3-8AF4571EB4BB}"
EndProject
Project("{8BC9CEB8-8B4A-11D0-8D11-00A0C91BC942}") = "OverloadingOperator", "OverloadingOperator\OverloadingOperator.vcxproj", "{91A17610-D335-4A8F-B092-77069E5962A7}"
EndProject
Project("{8BC9CEB8-8B4A-11D0-8D11-00A0C91BC942}") = "VirtualFunctions", "VirtualFunctions\VirtualFunctions.vcxproj", "{1AEC216C-B5B9-49FB-8DE1-55548E9D4A48}"
EndProject
Project("{8BC9CEB8-8B4A-11D0-8D11-00A0C91BC942}") = "Overriding", "Overriding\Overriding.vcxproj", "{573C050C-0C7E-4592-B047-41EC6F1AB5A2}"
EndProject
Project("{8BC9CEB8-8B4A-11D0-8D11-00A0C91BC942}") = "Inheritance_Multiple", "Inheritance_Multiple\Inheritance_Multiple.vcxproj", "{C30FA767-F183-4D8C-8607-081FFD1A7EEA}"
EndProject
Project("{8BC9CEB8-8B4A-11D0-8D11-00A0C91BC942}") = "Inheritance_Vehicle", "Inheritance_Vehicle\Inheritance_Vehicle.vcxproj", "{B39F3619-FFBF-45BE-A31D-3637B07877AF}"
EndProject
Project("{8BC9CEB8-8B4A-11D0-8D11-00A0C91BC942}") = "Inheritance_Animal", "Inheritance_Animal\Inheritance_Animal.vcxproj", "{57A4F038-EA00-4EEC-B6B1-B701560E0CAF}"
EndProject
Project("{8BC9CEB8-8B4A-11D0-8D11-00A0C91BC942}") = "Inheritance_Multilevel", "Inheritance_Multilevel\Inheritance_Multilevel.vcxproj", "{2E3579A7-D79A-44B0-A002-9C629048D1B8}"
EndProject
Project("{8BC9CEB8-8B4A-11D0-8D11-00A0C91BC942}") = "Composition", "Composition\Composition.vcxproj", "{FA4F144A-2A7C-41A3-BE83-814F8E682459}"
EndProject
Project("{8BC9CEB8-8B4A-11D0-8D11-00A0C91BC942}") = "GenericProgramming", "GenericProgramming\GenericProgramming.vcxproj", "{5056100F-A4A6-4FA0-8981-B4201E0E0AED}"
EndProject
Project("{8BC9CEB8-8B4A-11D0-8D11-00A0C91BC942}") = "CacheFriendlyCode", "CacheFriendlyCode\CacheFriendlyCode.vcxproj", "{C68B9518-68F0-4600-9AE3-352B07E09C13}"
EndProject
Project("{8BC9CEB8-8B4A-11D0-8D11-00A0C91BC942}") = "StructAndClasses", "StructAndClasses\StructAndClasses.vcxproj", "{51EB578C-A945-4AD4-A32D-8F934EDDDA17}"
EndProject
Project("{8BC9CEB8-8B4A-11D0-8D11-00A0C91BC942}") = "StackMemory", "StackMemory\StackMemory.vcxproj", "{CD52855B-C934-4E79-A746-EA6C2C408268}"
EndProject
Project("{8BC9CEB8-8B4A-11D0-8D11-00A0C91BC942}") = "NewAndDelete", "NewAndDelete\NewAndDelete.vcxproj", "{99EB15C0-004A-4A50-AEFD-7EB041ADC5D2}"
EndProject
Project("{8BC9CEB8-8B4A-11D0-8D11-00A0C91BC942}") = "OverloadingNewAndDelete", "OverloadingNewAndDelete\OverloadingNewAndDelete.vcxproj", "{36831A59-49FA-4B6D-A261-170EFC142297}"
EndProject
Project("{8BC9CEB8-8B4A-11D0-8D11-00A0C91BC942}") = "ResourceCopyingError", "ResourceCopyingError\ResourceCopyingError.vcxproj", "{BC1F70A8-B805-422E-B3D5-0566F4323FDF}"
EndProject
Project("{8BC9CEB8-8B4A-11D0-8D11-00A0C91BC942}") = "ResourceCopyingPolicies", "ResourceCopyingPolicies\ResourceCopyingPolicies.vcxproj", "{A3B77C93-BB46-4B43-BCDF-6D6BFAAD5BE4}"
EndProject
Global
	GlobalSection(SolutionConfigurationPlatforms) = preSolution
		Debug|Win32 = Debug|Win32
		Debug|x64 = Debug|x64
		Release|Win32 = Release|Win32
		Release|x64 = Release|x64
	EndGlobalSection
	GlobalSection(ProjectConfigurationPlatforms) = postSolution
		{ABDCD7C5-7800-4BCE-BE24-601FF234D78C}.Debug|Win32.ActiveCfg = Debug|Win32
		{ABDCD7C5-7800-4BCE-BE24-601FF234D78C}.Debug|Win32.Build.0 = Debug|Win32
		{ABDCD7C5-7800-4BCE-BE24-601FF234D78C}.Debug|x64.ActiveCfg = Debug|x64
		{ABDCD7C5-7800-4BCE-BE24-601FF234D78C}.Debug|x64.Build.0 = Debug|x64
		{ABDCD7C5-7800-4BCE-BE24-601FF234D78C}.Release|Win32.ActiveCfg = Release|Win32
		{ABDCD7C5-7800-4BCE-BE24-601FF234D78C}.Release|Win32.Build.0 = Release|Win32
		{ABDCD7C5-7800-4BCE-BE24-601FF234D78C}.Release|x64.ActiveCfg = Release|x64
		{ABDCD7C5-7800-4BCE-BE24-601FF234D78C}.Release|x64.Build.0 = Release|x64
		{3BFC6FF5-EFD4-4DC3-9787-EC6935642BA8}.Debug|Win32.ActiveCfg = Debug|Win32
		{3BFC6FF5-EFD4-4DC3-9787-EC6935642BA8}.Debug|Win32.Build.0 = Debug|Win32
		{3BFC6FF5-EFD4-4DC3-9787-EC6935642BA8}.Debug|x64.ActiveCfg = Debug|x64
		{3BFC6FF5-EFD4-4DC3-9787-EC6935642BA8}.Debug|x64.Build.0 = Debug|x64
		{3BFC6FF5-EFD4-4DC3-9787-EC6935642BA8}.Release|Win32.ActiveCfg = Release|Win32
		{3BFC6FF5-EFD4-4DC3-9787-EC6935642BA8}.Release|Win32.Build.0 = Release|Win32
		{3BFC6FF5-EFD4-4DC3-9787-EC6935642BA8}.Release|x64.ActiveCfg = Release|x64
		{3BFC6FF5-EFD4-4DC3-9787-EC6935642BA8}.Release|x64.Build.0 = Release|x64
		{88F77044-FAE4-4090-9FC9-11FD6608663A}.Debug|Win32.ActiveCfg = Debug|Win32
		{88F77044-FAE4-4090-9FC9-11FD6608663A}.Debug|Win32.Build.0 = Debug|Win32
		{88F77044-FAE4-4090-9FC9-11FD6608663A}.Debug|x64.ActiveCfg = Debug|x64
		{88F77044-FAE4-4090-9FC9-11FD6608663A}.Debug|x64.Build.0 = Debug|x64
		{88F77044-FAE4-4090-9FC9-11FD6608663A}.Release|Win32.ActiveCfg = Release|Win32
		{88F77044-FAE4-4090-9FC9-11FD6608663A}.Release|Win32.Build.0 = Release|Win32
		{88F77044-FAE4-4090-9FC9-11FD6608663A}.Release|x64.ActiveCfg = Release|x64
		{88F77044-FAE4-4090-9FC9-11FD6608663A}.Release|x64.Build.0 = Release|x64
		{D4C2D019-9FC1-4A5F-B8E4-A8FBD9D50CAF}.Debug|Win32.ActiveCfg = Debug|Win32
		{D4C2D019-9FC1-4A5F-B8E4-A8FBD9D50CAF}.Debug|Win32.Build.0 = Debug|Win32
		{D4C2D019-9FC1-4A5F-B8E4-A8FBD9D50CAF}.Debug|x64.ActiveCfg = Debug|x64
		{D4C2D019-9FC1-4A5F-B8E4-A8FBD9D50CAF}.Debug|x64.Build.0 = Debug|x64
		{D4C2D019-9FC1-4A5F-B8E4-A8FBD9D50CAF}.Release|Win32.ActiveCfg = Release|Win32
		{D4C2D019-9FC1-4A5F-B8E4-A8FBD9D50CAF}.Release|Win32.Build.0 = Release|Win32
		{D4C2D019-9FC1-4A5F-B8E4-A8FBD9D50CAF}.Release|x64.ActiveCfg = Release|x64
		{D4C2D019-9FC1-4A5F-B8E4-A8FBD9D50CAF}.Release|x64.Build.0 = Release|x64
		{E3FFC333-01DB-40CB-8EF1-822A705AB2B1}.Debug|Win32.ActiveCfg = Debug|Win32
		{E3FFC333-01DB-40CB-8EF1-822A705AB2B1}.Debug|Win32.Build.0 = Debug|Win32
		{E3FFC333-01DB-40CB-8EF1-822A705AB2B1}.Debug|x64.ActiveCfg = Debug|x64
		{E3FFC333-01DB-40CB-8EF1-822A705AB2B1}.Debug|x64.Build.0 = Debug|x64
		{E3FFC333-01DB-40CB-8EF1-822A705AB2B1}.Release|Win32.ActiveCfg = Release|Win32
		{E3FFC333-01DB-40CB-8EF1-822A705AB2B1}.Release|Win32.Build.0 = Release|Win32
		{E3FFC333-01DB-40CB-8EF1-822A705AB2B1}.Release|x64.ActiveCfg = Release|x64
		{E3FFC333-01DB-40CB-8EF1-822A705AB2B1}.Release|x64.Build.0 = Release|x64
		{5511BE3B-C101-4525-8364-6A86A7B2DFBC}.Debug|Win32.ActiveCfg = Debug|Win32
		{5511BE3B-C101-4525-8364-6A86A7B2DFBC}.Debug|Win32.Build.0 = Debug|Win32
		{5511BE3B-C101-4525-8364-6A86A7B2DFBC}.Debug|x64.ActiveCfg = Debug|x64
		{5511BE3B-C101-4525-8364-6A86A7B2DFBC}.Debug|x64.Build.0 = Debug|x64
		{5511BE3B-C101-4525-8364-6A86A7B2DFBC}.Release|Win32.ActiveCfg = Release|Win32
		{5511BE3B-C101-4525-8364-6A86A7B2DFBC}.Release|Win32.Build.0 = Release|Win32
		{5511BE3B-C101-4525-8364-6A86A7B2DFBC}.Release|x64.ActiveCfg = Release|x64
		{5511BE3B-C101-4525-8364-6A86A7B2DFBC}.Release|x64.Build.0 = Release|x64
		{3820930F-1FBF-45FB-BD86-706C4A336AEC}.Debug|Win32.ActiveCfg = Debug|Win32
		{3820930F-1FBF-45FB-BD86-706C4A336AEC}.Debug|Win32.Build.0 = Debug|Win32
		{3820930F-1FBF-45FB-BD86-706C4A336AEC}.Debug|x64.ActiveCfg = Debug|x64
		{3820930F-1FBF-45FB-BD86-706C4A336AEC}.Debug|x64.Build.0 = Debug|x64
		{3820930F-1FBF-45FB-BD86-706C4A336AEC}.Release|Win32.ActiveCfg = Release|Win32
		{3820930F-1FBF-45FB-BD86-706C4A336AEC}.Release|Win32.Build.0 = Release|Win32
		{3820930F-1FBF-45FB-BD86-706C4A336AEC}.Release|x64.ActiveCfg = Release|x64
		{3820930F-1FBF-45FB-BD86-706C4A336AEC}.Release|x64.Build.0 = Release|x64
		{0EF91D4A-ADAA-4C5B-96F7-E37F754AA240}.Debug|Win32.ActiveCfg = Debug|Win32
		{0EF91D4A-ADAA-4C5B-96F7-E37F754AA240}.Debug|Win32.Build.0 = Debug|Win32
		{0EF91D4A-ADAA-4C5B-96F7-E37F754AA240}.Debug|x64.ActiveCfg = Debug|x64
		{0EF91D4A-ADAA-4C5B-96F7-E37F754AA240}.Debug|x64.Build.0 = Debug|x64
		{0EF91D4A-ADAA-4C5B-96F7-E37F754AA240}.Release|Win32.ActiveCfg = Release|Win32
		{0EF91D4A-ADAA-4C5B-96F7-E37F754AA240}.Release|Win32.Build.0 = Release|Win32
		{0EF91D4A-ADAA-4C5B-96F7-E37F754AA240}.Release|x64.ActiveCfg = Release|x64
		{0EF91D4A-ADAA-4C5B-96F7-E37F754AA240}.Release|x64.Build.0 = Release|x64
		{8D43BD7B-B89B-40F9-A271-B6CC7A4DB1AA}.Debug|Win32.ActiveCfg = Debug|Win32
		{8D43BD7B-B89B-40F9-A271-B6CC7A4DB1AA}.Debug|Win32.Build.0 = Debug|Win32
		{8D43BD7B-B89B-40F9-A271-B6CC7A4DB1AA}.Debug|x64.ActiveCfg = Debug|x64
		{8D43BD7B-B89B-40F9-A271-B6CC7A4DB1AA}.Debug|x64.Build.0 = Debug|x64
		{8D43BD7B-B89B-40F9-A271-B6CC7A4DB1AA}.Release|Win32.ActiveCfg = Release|Win32
		{8D43BD7B-B89B-40F9-A271-B6CC7A4DB1AA}.Release|Win32.Build.0 = Release|Win32
		{8D43BD7B-B89B-40F9-A271-B6CC7A4DB1AA}.Release|x64.ActiveCfg = Release|x64
		{8D43BD7B-B89B-40F9-A271-B6CC7A4DB1AA}.Release|x64.Build.0 = Release|x64
		{D011EE3F-FB1B-498B-A792-C9CC4E358DF1}.Debug|Win32.ActiveCfg = Debug|Win32
		{D011EE3F-FB1B-498B-A792-C9CC4E358DF1}.Debug|Win32.Build.0 = Debug|Win32
		{D011EE3F-FB1B-498B-A792-C9CC4E358DF1}.Debug|x64.ActiveCfg = Debug|x64
		{D011EE3F-FB1B-498B-A792-C9CC4E358DF1}.Debug|x64.Build.0 = Debug|x64
		{D011EE3F-FB1B-498B-A792-C9CC4E358DF1}.Release|Win32.ActiveCfg = Release|Win32
		{D011EE3F-FB1B-498B-A792-C9CC4E358DF1}.Release|Win32.Build.0 = Release|Win32
		{D011EE3F-FB1B-498B-A792-C9CC4E358DF1}.Release|x64.ActiveCfg = Release|x64
		{D011EE3F-FB1B-498B-A792-C9CC4E358DF1}.Release|x64.Build.0 = Release|x64
		{3D5760CF-7794-459F-BCEE-748D1B65C4EB}.Debug|Win32.ActiveCfg = Debug|Win32
		{3D5760CF-7794-459F-BCEE-748D1B65C4EB}.Debug|Win32.Build.0 = Debug|Win32
		{3D5760CF-7794-459F-BCEE-748D1B65C4EB}.Debug|x64.ActiveCfg = Debug|x64
		{3D5760CF-7794-459F-BCEE-748D1B65C4EB}.Debug|x64.Build.0 = Debug|x64
		{3D5760CF-7794-459F-BCEE-748D1B65C4EB}.Release|Win32.ActiveCfg = Release|Win32
		{3D5760CF-7794-459F-BCEE-748D1B65C4EB}.Release|Win32.Build.0 = Release|Win32
		{3D5760CF-7794-459F-BCEE-748D1B65C4EB}.Release|x64.ActiveCfg = Release|x64
		{3D5760CF-7794-459F-BCEE-748D1B65C4EB}.Release|x64.Build.0 = Release|x64
		{819F2452-CAF0-4872-9686-A746050643AC}.Debug|Win32.ActiveCfg = Debug|Win32
		{819F2452-CAF0-4872-9686-A746050643AC}.Debug|Win32.Build.0 = Debug|Win32
		{819F2452-CAF0-4872-9686-A746050643AC}.Debug|x64.ActiveCfg = Debug|x64
		{819F2452-CAF0-4872-9686-A746050643AC}.Debug|x64.Build.0 = Debug|x64
		{819F2452-CAF0-4872-9686-A746050643AC}.Release|Win32.ActiveCfg = Release|Win32
		{819F2452-CAF0-4872-9686-A746050643AC}.Release|Win32.Build.0 = Release|Win32
		{819F2452-CAF0-4872-9686-A746050643AC}.Release|x64.ActiveCfg = Release|x64
		{819F2452-CAF0-4872-9686-A746050643AC}.Release|x64.Build.0 = Release|x64
		{40E32714-2E80-439D-8F6B-0CDF92728870}.Debug|Win32.ActiveCfg = Debug|Win32
		{40E32714-2E80-439D-8F6B-0CDF92728870}.Debug|Win32.Build.0 = Debug|Win32
		{40E32714-2E80-439D-8F6B-0CDF92728870}.Debug|x64.ActiveCfg = Debug|x64
		{40E32714-2E80-439D-8F6B-0CDF92728870}.Debug|x64.Build.0 = Debug|x64
		{40E32714-2E80-439D-8F6B-0CDF92728870}.Release|Win32.ActiveCfg = Release|Win32
		{40E32714-2E80-439D-8F6B-0CDF92728870}.Release|Win32.Build.0 = Release|Win32
		{40E32714-2E80-439D-8F6B-0CDF92728870}.Release|x64.ActiveCfg = Release|x64
		{40E32714-2E80-439D-8F6B-0CDF92728870}.Release|x64.Build.0 = Release|x64
		{83C1B5F8-0B4C-43BA-BFF7-ABA4F2FDFA55}.Debug|Win32.ActiveCfg = Debug|Win32
		{83C1B5F8-0B4C-43BA-BFF7-ABA4F2FDFA55}.Debug|Win32.Build.0 = Debug|Win32
		{83C1B5F8-0B4C-43BA-BFF7-ABA4F2FDFA55}.Debug|x64.ActiveCfg = Debug|x64
		{83C1B5F8-0B4C-43BA-BFF7-ABA4F2FDFA55}.Debug|x64.Build.0 = Debug|x64
		{83C1B5F8-0B4C-43BA-BFF7-ABA4F2FDFA55}.Release|Win32.ActiveCfg = Release|Win32
		{83C1B5F8-0B4C-43BA-BFF7-ABA4F2FDFA55}.Release|Win32.Build.0 = Release|Win32
		{83C1B5F8-0B4C-43BA-BFF7-ABA4F2FDFA55}.Release|x64.ActiveCfg = Release|x64
		{83C1B5F8-0B4C-43BA-BFF7-ABA4F2FDFA55}.Release|x64.Build.0 = Release|x64
		{1EBA747D-0737-414D-9993-BA2AF22BD537}.Debug|Win32.ActiveCfg = Debug|Win32
		{1EBA747D-0737-414D-9993-BA2AF22BD537}.Debug|Win32.Build.0 = Debug|Win32
		{1EBA747D-0737-414D-9993-BA2AF22BD537}.Debug|x64.ActiveCfg = Debug|x64
		{1EBA747D-0737-414D-9993-BA2AF22BD537}.Debug|x64.Build.0 = Debug|x64
		{1EBA747D-0737-414D-9993-BA2AF22BD537}.Release|Win32.ActiveCfg = Release|Win32
		{1EBA747D-0737-414D-9993-BA2AF22BD537}.Release|Win32.Build.0 = Release|Win32
		{1EBA747D-0737-414D-9993-BA2AF22BD537}.Release|x64.ActiveCfg = Release|x64
		{1EBA747D-0737-414D-9993-BA2AF22BD537}.Release|x64.Build.0 = Release|x64
		{36866361-7A07-44C3-9A8C-3AE76BDB5F4F}.Debug|Win32.ActiveCfg = Debug|Win32
		{36866361-7A07-44C3-9A8C-3AE76BDB5F4F}.Debug|Win32.Build.0 = Debug|Win32
		{36866361-7A07-44C3-9A8C-3AE76BDB5F4F}.Debug|x64.ActiveCfg = Debug|x64
		{36866361-7A07-44C3-9A8C-3AE76BDB5F4F}.Debug|x64.Build.0 = Debug|x64
		{36866361-7A07-44C3-9A8C-3AE76BDB5F4F}.Release|Win32.ActiveCfg = Release|Win32
		{36866361-7A07-44C3-9A8C-3AE76BDB5F4F}.Release|Win32.Build.0 = Release|Win32
		{36866361-7A07-44C3-9A8C-3AE76BDB5F4F}.Release|x64.ActiveCfg = Release|x64
		{36866361-7A07-44C3-9A8C-3AE76BDB5F4F}.Release|x64.Build.0 = Release|x64
		{96436AF1-E263-401F-9928-E31854024573}.Debug|Win32.ActiveCfg = Debug|Win32
		{96436AF1-E263-401F-9928-E31854024573}.Debug|Win32.Build.0 = Debug|Win32
		{96436AF1-E263-401F-9928-E31854024573}.Debug|x64.ActiveCfg = Debug|x64
		{96436AF1-E263-401F-9928-E31854024573}.Debug|x64.Build.0 = Debug|x64
		{96436AF1-E263-401F-9928-E31854024573}.Release|Win32.ActiveCfg = Release|Win32
		{96436AF1-E263-401F-9928-E31854024573}.Release|Win32.Build.0 = Release|Win32
		{96436AF1-E263-401F-9928-E31854024573}.Release|x64.ActiveCfg = Release|x64
		{96436AF1-E263-401F-9928-E31854024573}.Release|x64.Build.0 = Release|x64
		{03B8A462-8D1E-47A6-A2D3-4BDDA3BDDC4C}.Debug|Win32.ActiveCfg = Debug|Win32
		{03B8A462-8D1E-47A6-A2D3-4BDDA3BDDC4C}.Debug|Win32.Build.0 = Debug|Win32
		{03B8A462-8D1E-47A6-A2D3-4BDDA3BDDC4C}.Debug|x64.ActiveCfg = Debug|x64
		{03B8A462-8D1E-47A6-A2D3-4BDDA3BDDC4C}.Debug|x64.Build.0 = Debug|x64
		{03B8A462-8D1E-47A6-A2D3-4BDDA3BDDC4C}.Release|Win32.ActiveCfg = Release|Win32
		{03B8A462-8D1E-47A6-A2D3-4BDDA3BDDC4C}.Release|Win32.Build.0 = Release|Win32
		{03B8A462-8D1E-47A6-A2D3-4BDDA3BDDC4C}.Release|x64.ActiveCfg = Release|x64
		{03B8A462-8D1E-47A6-A2D3-4BDDA3BDDC4C}.Release|x64.Build.0 = Release|x64
		{5EBF8ECD-D4B2-4783-935B-893DD7329C6E}.Debug|Win32.ActiveCfg = Debug|Win32
		{5EBF8ECD-D4B2-4783-935B-893DD7329C6E}.Debug|Win32.Build.0 = Debug|Win32
		{5EBF8ECD-D4B2-4783-935B-893DD7329C6E}.Debug|x64.ActiveCfg = Debug|x64
		{5EBF8ECD-D4B2-4783-935B-893DD7329C6E}.Debug|x64.Build.0 = Debug|x64
		{5EBF8ECD-D4B2-4783-935B-893DD7329C6E}.Release|Win32.ActiveCfg = Release|Win32
		{5EBF8ECD-D4B2-4783-935B-893DD7329C6E}.Release|Win32.Build.0 = Release|Win32
		{5EBF8ECD-D4B2-4783-935B-893DD7329C6E}.Release|x64.ActiveCfg = Release|x64
		{5EBF8ECD-D4B2-4783-935B-893DD7329C6E}.Release|x64.Build.0 = Release|x64
		{B39F3619-FFBF-45BE-A31D-3637B07877AF}.Debug|Win32.ActiveCfg = Debug|Win32
		{B39F3619-FFBF-45BE-A31D-3637B07877AF}.Debug|Win32.Build.0 = Debug|Win32
		{B39F3619-FFBF-45BE-A31D-3637B07877AF}.Debug|x64.ActiveCfg = Debug|x64
		{B39F3619-FFBF-45BE-A31D-3637B07877AF}.Debug|x64.Build.0 = Debug|x64
		{B39F3619-FFBF-45BE-A31D-3637B07877AF}.Release|Win32.ActiveCfg = Release|Win32
		{B39F3619-FFBF-45BE-A31D-3637B07877AF}.Release|Win32.Build.0 = Release|Win32
		{B39F3619-FFBF-45BE-A31D-3637B07877AF}.Release|x64.ActiveCfg = Release|x64
		{B39F3619-FFBF-45BE-A31D-3637B07877AF}.Release|x64.Build.0 = Release|x64
		{57A4F038-EA00-4EEC-B6B1-B701560E0CAF}.Debug|Win32.ActiveCfg = Debug|Win32
		{57A4F038-EA00-4EEC-B6B1-B701560E0CAF}.Debug|Win32.Build.0 = Debug|Win32
		{57A4F038-EA00-4EEC-B6B1-B701560E0CAF}.Debug|x64.ActiveCfg = Debug|x64
		{57A4F038-EA00-4EEC-B6B1-B701560E0CAF}.Debug|x64.Build.0 = Debug|x64
		{57A4F038-EA00-4EEC-B6B1-B701560E0CAF}.Release|Win32.ActiveCfg = Release|Win32
		{57A4F038-EA00-4EEC-B6B1-B701560E0CAF}.Release|Win32.Build.0 = Release|Win32
		{57A4F038-EA00-4EEC-B6B1-B701560E0CAF}.Release|x64.ActiveCfg = Release|x64
		{57A4F038-EA00-4EEC-B6B1-B701560E0CAF}.Release|x64.Build.0 = Release|x64
		{26E08785-3CD7-49DA-B1EE-F33D786036B0}.Debug|Win32.ActiveCfg = Debug|Win32
		{26E08785-3CD7-49DA-B1EE-F33D786036B0}.Debug|Win32.Build.0 = Debug|Win32
		{26E08785-3CD7-49DA-B1EE-F33D786036B0}.Debug|x64.ActiveCfg = Debug|x64
		{26E08785-3CD7-49DA-B1EE-F33D786036B0}.Debug|x64.Build.0 = Debug|x64
		{26E08785-3CD7-49DA-B1EE-F33D786036B0}.Release|Win32.ActiveCfg = Release|Win32
		{26E08785-3CD7-49DA-B1EE-F33D786036B0}.Release|Win32.Build.0 = Release|Win32
		{26E08785-3CD7-49DA-B1EE-F33D786036B0}.Release|x64.ActiveCfg = Release|x64
		{26E08785-3CD7-49DA-B1EE-F33D786036B0}.Release|x64.Build.0 = Release|x64
		{5F737423-EECF-4BAA-86A3-8AF4571EB4BB}.Debug|Win32.ActiveCfg = Debug|Win32
		{5F737423-EECF-4BAA-86A3-8AF4571EB4BB}.Debug|Win32.Build.0 = Debug|Win32
		{5F737423-EECF-4BAA-86A3-8AF4571EB4BB}.Debug|x64.ActiveCfg = Debug|x64
		{5F737423-EECF-4BAA-86A3-8AF4571EB4BB}.Debug|x64.Build.0 = Debug|x64
		{5F737423-EECF-4BAA-86A3-8AF4571EB4BB}.Release|Win32.ActiveCfg = Release|Win32
		{5F737423-EECF-4BAA-86A3-8AF4571EB4BB}.Release|Win32.Build.0 = Release|Win32
		{5F737423-EECF-4BAA-86A3-8AF4571EB4BB}.Release|x64.ActiveCfg = Release|x64
		{5F737423-EECF-4BAA-86A3-8AF4571EB4BB}.Release|x64.Build.0 = Release|x64
		{91A17610-D335-4A8F-B092-77069E5962A7}.Debug|Win32.ActiveCfg = Debug|Win32
		{91A17610-D335-4A8F-B092-77069E5962A7}.Debug|Win32.Build.0 = Debug|Win32
		{91A17610-D335-4A8F-B092-77069E5962A7}.Debug|x64.ActiveCfg = Debug|x64
		{91A17610-D335-4A8F-B092-77069E5962A7}.Debug|x64.Build.0 = Debug|x64
		{91A17610-D335-4A8F-B092-77069E5962A7}.Release|Win32.ActiveCfg = Release|Win32
		{91A17610-D335-4A8F-B092-77069E5962A7}.Release|Win32.Build.0 = Release|Win32
		{91A17610-D335-4A8F-B092-77069E5962A7}.Release|x64.ActiveCfg = Release|x64
		{91A17610-D335-4A8F-B092-77069E5962A7}.Release|x64.Build.0 = Release|x64
		{1AEC216C-B5B9-49FB-8DE1-55548E9D4A48}.Debug|Win32.ActiveCfg = Debug|Win32
		{1AEC216C-B5B9-49FB-8DE1-55548E9D4A48}.Debug|Win32.Build.0 = Debug|Win32
		{1AEC216C-B5B9-49FB-8DE1-55548E9D4A48}.Debug|x64.ActiveCfg = Debug|x64
		{1AEC216C-B5B9-49FB-8DE1-55548E9D4A48}.Debug|x64.Build.0 = Debug|x64
		{1AEC216C-B5B9-49FB-8DE1-55548E9D4A48}.Release|Win32.ActiveCfg = Release|Win32
		{1AEC216C-B5B9-49FB-8DE1-55548E9D4A48}.Release|Win32.Build.0 = Release|Win32
		{1AEC216C-B5B9-49FB-8DE1-55548E9D4A48}.Release|x64.ActiveCfg = Release|x64
		{1AEC216C-B5B9-49FB-8DE1-55548E9D4A48}.Release|x64.Build.0 = Release|x64
		{573C050C-0C7E-4592-B047-41EC6F1AB5A2}.Debug|Win32.ActiveCfg = Debug|Win32
		{573C050C-0C7E-4592-B047-41EC6F1AB5A2}.Debug|Win32.Build.0 = Debug|Win32
		{573C050C-0C7E-4592-B047-41EC6F1AB5A2}.Debug|x64.ActiveCfg = Debug|x64
		{573C050C-0C7E-4592-B047-41EC6F1AB5A2}.Debug|x64.Build.0 = Debug|x64
		{573C050C-0C7E-4592-B047-41EC6F1AB5A2}.Release|Win32.ActiveCfg = Release|Win32
		{573C050C-0C7E-4592-B047-41EC6F1AB5A2}.Release|Win32.Build.0 = Release|Win32
		{573C050C-0C7E-4592-B047-41EC6F1AB5A2}.Release|x64.ActiveCfg = Release|x64
		{573C050C-0C7E-4592-B047-41EC6F1AB5A2}.Release|x64.Build.0 = Release|x64
		{C30FA767-F183-4D8C-8607-081FFD1A7EEA}.Debug|Win32.ActiveCfg = Debug|Win32
		{C30FA767-F183-4D8C-8607-081FFD1A7EEA}.Debug|Win32.Build.0 = Debug|Win32
		{C30FA767-F183-4D8C-8607-081FFD1A7EEA}.Debug|x64.ActiveCfg = Debug|x64
		{C30FA767-F183-4D8C-8607-081FFD1A7EEA}.Debug|x64.Build.0 = Debug|x64
		{C30FA767-F183-4D8C-8607-081FFD1A7EEA}.Release|Win32.ActiveCfg = Release|Win32
		{C30FA767-F183-4D8C-8607-081FFD1A7EEA}.Release|Win32.Build.0 = Release|Win32
		{C30FA767-F183-4D8C-8607-081FFD1A7EEA}.Release|x64.ActiveCfg = Release|x64
		{C30FA767-F183-4D8C-8607-081FFD1A7EEA}.Release|x64.Build.0 = Release|x64
		{2E3579A7-D79A-44B0-A002-9C629048D1B8}.Debug|Win32.ActiveCfg = Debug|Win32
		{2E3579A7-D79A-44B0-A002-9C629048D1B8}.Debug|Win32.Build.0 = Debug|Win32
		{2E3579A7-D79A-44B0-A002-9C629048D1B8}.Debug|x64.ActiveCfg = Debug|x64
		{2E3579A7-D79A-44B0-A002-9C629048D1B8}.Debug|x64.Build.0 = Debug|x64
		{2E3579A7-D79A-44B0-A002-9C629048D1B8}.Release|Win32.ActiveCfg = Release|Win32
		{2E3579A7-D79A-44B0-A002-9C629048D1B8}.Release|Win32.Build.0 = Release|Win32
		{2E3579A7-D79A-44B0-A002-9C629048D1B8}.Release|x64.ActiveCfg = Release|x64
		{2E3579A7-D79A-44B0-A002-9C629048D1B8}.Release|x64.Build.0 = Release|x64
		{5056100F-A4A6-4FA0-8981-B4201E0E0AED}.Debug|Win32.ActiveCfg = Debug|Win32
		{5056100F-A4A6-4FA0-8981-B4201E0E0AED}.Debug|Win32.Build.0 = Debug|Win32
		{5056100F-A4A6-4FA0-8981-B4201E0E0AED}.Debug|x64.ActiveCfg = Debug|x64
		{5056100F-A4A6-4FA0-8981-B4201E0E0AED}.Debug|x64.Build.0 = Debug|x64
		{5056100F-A4A6-4FA0-8981-B4201E0E0AED}.Release|Win32.ActiveCfg = Release|Win32
		{5056100F-A4A6-4FA0-8981-B4201E0E0AED}.Release|Win32.Build.0 = Release|Win32
		{5056100F-A4A6-4FA0-8981-B4201E0E0AED}.Release|x64.ActiveCfg = Release|x64
		{5056100F-A4A6-4FA0-8981-B4201E0E0AED}.Release|x64.Build.0 = Release|x64
		{C68B9518-68F0-4600-9AE3-352B07E09C13}.Debug|Win32.ActiveCfg = Debug|Win32
		{C68B9518-68F0-4600-9AE3-352B07E09C13}.Debug|Win32.Build.0 = Debug|Win32
		{C68B9518-68F0-4600-9AE3-352B07E09C13}.Debug|x64.ActiveCfg = Debug|x64
		{C68B9518-68F0-4600-9AE3-352B07E09C13}.Debug|x64.Build.0 = Debug|x64
		{C68B9518-68F0-4600-9AE3-352B07E09C13}.Release|Win32.ActiveCfg = Release|Win32
		{C68B9518-68F0-4600-9AE3-352B07E09C13}.Release|Win32.Build.0 = Release|Win32
		{C68B9518-68F0-4600-9AE3-352B07E09C13}.Release|x64.ActiveCfg = Release|x64
		{C68B9518-68F0-4600-9AE3-352B07E09C13}.Release|x64.Build.0 = Release|x64
		{51EB578C-A945-4AD4-A32D-8F934EDDDA17}.Debug|Win32.ActiveCfg = Debug|Win32
		{51EB578C-A945-4AD4-A32D-8F934EDDDA17}.Debug|Win32.Build.0 = Debug|Win32
		{51EB578C-A945-4AD4-A32D-8F934EDDDA17}.Debug|x64.ActiveCfg = Debug|x64
		{51EB578C-A945-4AD4-A32D-8F934EDDDA17}.Debug|x64.Build.0 = Debug|x64
		{51EB578C-A945-4AD4-A32D-8F934EDDDA17}.Release|Win32.ActiveCfg = Release|Win32
		{51EB578C-A945-4AD4-A32D-8F934EDDDA17}.Release|Win32.Build.0 = Release|Win32
		{51EB578C-A945-4AD4-A32D-8F934EDDDA17}.Release|x64.ActiveCfg = Release|x64
		{51EB578C-A945-4AD4-A32D-8F934EDDDA17}.Release|x64.Build.0 = Release|x64
		{CD52855B-C934-4E79-A746-EA6C2C408268}.Debug|Win32.ActiveCfg = Debug|Win32
		{CD52855B-C934-4E79-A746-EA6C2C408268}.Debug|Win32.Build.0 = Debug|Win32
		{CD52855B-C934-4E79-A746-EA6C2C408268}.Debug|x64.ActiveCfg = Debug|x64
		{CD52855B-C934-4E79-A746-EA6C2C408268}.Debug|x64.Build.0 = Debug|x64
		{CD52855B-C934-4E79-A746-EA6C2C408268}.Release|Win32.ActiveCfg = Release|Win32
		{CD52855B-C934-4E79-A746-EA6C2C408268}.Release|Win32.Build.0 = Release|Win32
		{CD52855B-C934-4E79-A746-EA6C2C408268}.Release|x64.ActiveCfg = Release|x64
		{CD52855B-C934-4E79-A746-EA6C2C408268}.Release|x64.Build.0 = Release|x64
		{99EB15C0-004A-4A50-AEFD-7EB041ADC5D2}.Debug|Win32.ActiveCfg = Debug|Win32
		{99EB15C0-004A-4A50-AEFD-7EB041ADC5D2}.Debug|Win32.Build.0 = Debug|Win32
		{99EB15C0-004A-4A50-AEFD-7EB041ADC5D2}.Debug|x64.ActiveCfg = Debug|x64
		{99EB15C0-004A-4A50-AEFD-7EB041ADC5D2}.Debug|x64.Build.0 = Debug|x64
		{99EB15C0-004A-4A50-AEFD-7EB041ADC5D2}.Release|Win32.ActiveCfg = Release|Win32
		{99EB15C0-004A-4A50-AEFD-7EB041ADC5D2}.Release|Win32.Build.0 = Release|Win32
		{99EB15C0-004A-4A50-AEFD-7EB041ADC5D2}.Release|x64.ActiveCfg = Release|x64
		{99EB15C0-004A-4A50-AEFD-7EB041ADC5D2}.Release|x64.Build.0 = Release|x64
		{36831A59-49FA-4B6D-A261-170EFC142297}.Debug|Win32.ActiveCfg = Debug|Win32
		{36831A59-49FA-4B6D-A261-170EFC142297}.Debug|Win32.Build.0 = Debug|Win32
		{36831A59-49FA-4B6D-A261-170EFC142297}.Debug|x64.ActiveCfg = Debug|x64
		{36831A59-49FA-4B6D-A261-170EFC142297}.Debug|x64.Build.0 = Debug|x64
		{36831A59-49FA-4B6D-A261-170EFC142297}.Release|Win32.ActiveCfg = Release|Win32
		{36831A59-49FA-4B6D-A261-170EFC142297}.Release|Win32.Build.0 = Release|Win32
		{36831A59-49FA-4B6D-A261-170EFC142297}.Release|x64.ActiveCfg = Release|x64
		{36831A59-49FA-4B6D-A261-170EFC142297}.Release|x64.Build.0 = Release|x64
		{BC1F70A8-B805-422E-B3D5-0566F4323FDF}.Debug|Win32.ActiveCfg = Debug|Win32
		{BC1F70A8-B805-422E-B3D5-0566F4323FDF}.Debug|Win32.Build.0 = Debug|Win32
		{BC1F70A8-B805-422E-B3D5-0566F4323FDF}.Debug|x64.ActiveCfg = Debug|x64
		{BC1F70A8-B805-422E-B3D5-0566F4323FDF}.Debug|x64.Build.0 = Debug|x64
		{BC1F70A8-B805-422E-B3D5-0566F4323FDF}.Release|Win32.ActiveCfg = Release|Win32
		{BC1F70A8-B805-422E-B3D5-0566F4323FDF}.Release|Win32.Build.0 = Release|Win32
		{BC1F70A8-B805-422E-B3D5-0566F4323FDF}.Release|x64.ActiveCfg = Release|x64
		{BC1F70A8-B805-422E-B3D5-0566F4323FDF}.Release|x64.Build.0 = Release|x64
		{A3B77C93-BB46-4B43-BCDF-6D6BFAAD5BE4}.Debug|Win32.ActiveCfg = Debug|Win32
		{A3B77C93-BB46-4B43-BCDF-6D6BFAAD5BE4}.Debug|Win32.Build.0 = Debug|Win32
		{A3B77C93-BB46-4B43-BCDF-6D6BFAAD5BE4}.Debug|x64.ActiveCfg = Debug|x64
		{A3B77C93-BB46-4B43-BCDF-6D6BFAAD5BE4}.Debug|x64.Build.0 = Debug|x64
		{A3B77C93-BB46-4B43-BCDF-6D6BFAAD5BE4}.Release|Win32.ActiveCfg = Release|Win32
		{A3B77C93-BB46-4B43-BCDF-6D6BFAAD5BE4}.Release|Win32.Build.0 = Release|Win32
		{A3B77C93-BB46-4B43-BCDF-6D6BFAAD5BE4}.Release|x64.ActiveCfg = Release|x64
		{A3B77C93-BB46-4B43-BCDF-6D6BFAAD5BE4}.Release|x64.Build.0 = Release|x64
	EndGlobalSection
	GlobalSection(SolutionProperties) = preSolution
		HideSolutionNode = FALSE
	EndGlobalSection
	GlobalSection(ExtensibilityGlobals) = postSolution
		SolutionGuid = {34B8F3FE-D556-4F8C-BF77-CA20138CFCE2}
	EndGlobalSection
EndGlobal
