
Microsoft Visual Studio Solution File, Format Version 12.00
# Visual Studio 15
VisualStudioVersion = 15.0.34112.143
MinimumVisualStudioVersion = 10.0.40219.1
Project("{8BC9CEB8-8B4A-11D0-8D11-00A0C91BC942}") = "Initializers", "Initializers\Initializers.vcxproj", "{ABDCD7C5-7800-4BCE-BE24-601FF234D78C}"
EndProject
Project("{8BC9CEB8-8B4A-11D0-8D11-00A0C91BC942}") = "MemScopes", "MemScopes\MemScopes.vcxproj", "{3BFC6FF5-EFD4-4DC3-9787-EC6935642BA8}"
EndProject
Project("{8BC9CEB8-8B4A-11D0-8D11-00A0C91BC942}") = "Enums", "Enums\Enums.vcxproj", "{88F77044-FAE4-4090-9FC9-11FD6608663A}"
EndProject
Project("{8BC9CEB8-8B4A-11D0-8D11-00A0C91BC942}") = "Ascii", "Ascii\Ascii.vcxproj", "{D4C2D019-9FC1-4A5F-B8E4-A8FBD9D50CAF}"
EndProject
Project("{8BC9CEB8-8B4A-11D0-8D11-00A0C91BC942}") = "Switch", "Switch\Switch.vcxproj", "{E3FFC333-01DB-40CB-8EF1-822A705AB2B1}"
EndProject
Project("{8BC9CEB8-8B4A-11D0-8D11-00A0C91BC942}") = "Arrays", "Arrays\Arrays.vcxproj", "{5511BE3B-C101-4525-8364-6A86A7B2DFBC}"
EndProject
Project("{8BC9CEB8-8B4A-11D0-8D11-00A0C91BC942}") = "Pointers", "Pointers\Pointers.vcxproj", "{3820930F-1FBF-45FB-BD86-706C4A336AEC}"
EndProject
Project("{8BC9CEB8-8B4A-11D0-8D11-00A0C91BC942}") = "DynamicMemory", "DynamicMemory\DynamicMemory.vcxproj", "{0EF91D4A-ADAA-4C5B-96F7-E37F754AA240}"
EndProject
Project("{8BC9CEB8-8B4A-11D0-8D11-00A0C91BC942}") = "Referencies", "Referencies\Referencies.vcxproj", "{8D43BD7B-B89B-40F9-A271-B6CC7A4DB1AA}"
EndProject
Project("{8BC9CEB8-8B4A-11D0-8D11-00A0C91BC942}") = "MoveSemantics", "MoveSemantics\MoveSemantics.vcxproj", "{D011EE3F-FB1B-498B-A792-C9CC4E358DF1}"
EndProject
Project("{8BC9CEB8-8B4A-11D0-8D11-00A0C91BC942}") = "LvaluesRvalues", "LvaluesRvalues\LvaluesRvalues.vcxproj", "{3D5760CF-7794-459F-BCEE-748D1B65C4EB}"
EndProject
Project("{8BC9CEB8-8B4A-11D0-8D11-00A0C91BC942}") = "PropertyMacro", "PropertyMacro\PropertyMacro.vcxproj", "{819F2452-CAF0-4872-9686-A746050643AC}"
EndProject
Project("{8BC9CEB8-8B4A-11D0-8D11-00A0C91BC942}") = "Reflection", "Reflection\Reflection.vcxproj", "{40E32714-2E80-439D-8F6B-0CDF92728870}"
EndProject
Project("{8BC9CEB8-8B4A-11D0-8D11-00A0C91BC942}") = "ForwardDeclarations", "ForwardDeclarations\ForwardDeclarations.vcxproj", "{83C1B5F8-0B4C-43BA-BFF7-ABA4F2FDFA55}"
EndProject
Project("{8BC9CEB8-8B4A-11D0-8D11-00A0C91BC942}") = "UsingVsUsingNamespace", "UsingVsUsingNamespace\UsingVsUsingNamespace.vcxproj", "{1EBA747D-0737-414D-9993-BA2AF22BD537}"
EndProject
Project("{8BC9CEB8-8B4A-11D0-8D11-00A0C91BC942}") = "Vectors", "Vectors\Vectors.vcxproj", "{36866361-7A07-44C3-9A8C-3AE76BDB5F4F}"
EndProject
Project("{8BC9CEB8-8B4A-11D0-8D11-00A0C91BC942}") = "SearchAStar", "SearchAStar\SearchAStar.vcxproj", "{96436AF1-E263-401F-9928-E31854024573}"
EndProject
Project("{8BC9CEB8-8B4A-11D0-8D11-00A0C91BC942}") = "ConstAndConstexpr", "ConstAndConstexpr\ConstAndConstexpr.vcxproj", "{03B8A462-8D1E-47A6-A2D3-4BDDA3BDDC4C}"
EndProject
Project("{8BC9CEB8-8B4A-11D0-8D11-00A0C91BC942}") = "UnorderedMap", "UnorderedMap\UnorderedMap.vcxproj", "{5EBF8ECD-D4B2-4783-935B-893DD7329C6E}"
EndProject
Project("{8BC9CEB8-8B4A-11D0-8D11-00A0C91BC942}") = "StructAndClasses_Date", "StructAndClasses_Date\StructAndClasses_Date.vcxproj", "{0C687A1C-F4CE-4275-9913-BDC2132722E3}"
EndProject
Project("{8BC9CEB8-8B4A-11D0-8D11-00A0C91BC942}") = "StructAndClasses_Car", "StructAndClasses_Car\StructAndClasses_Car.vcxproj", "{A6FEEF5A-C23C-4CD1-8BBD-60581096D414}"
EndProject
Project("{8BC9CEB8-8B4A-11D0-8D11-00A0C91BC942}") = "StructAndClasses_Pyramid", "StructAndClasses_Pyramid\StructAndClasses_Pyramid.vcxproj", "{8390826C-97B3-4240-8BF2-A88FA89E3D90}"
EndProject
Project("{8BC9CEB8-8B4A-11D0-8D11-00A0C91BC942}") = "StructAndClasses_Student", "StructAndClasses_Student\StructAndClasses_Student.vcxproj", "{193DDA89-8E61-4A78-B692-4D8B88AEDC94}"
EndProject
Project("{8BC9CEB8-8B4A-11D0-8D11-00A0C91BC942}") = "StructAndClasses_Sphere", "StructAndClasses_Sphere\StructAndClasses_Sphere.vcxproj", "{19D16FBB-7A6C-45F4-A6E3-040100E2AE92}"
EndProject
Global
	GlobalSection(SolutionConfigurationPlatforms) = preSolution
		Debug|Win32 = Debug|Win32
		Debug|x64 = Debug|x64
		Release|Win32 = Release|Win32
		Release|x64 = Release|x64
	EndGlobalSection
	GlobalSection(ProjectConfigurationPlatforms) = postSolution
		{ABDCD7C5-7800-4BCE-BE24-601FF234D78C}.Debug|Win32.ActiveCfg = Debug|Win32
		{ABDCD7C5-7800-4BCE-BE24-601FF234D78C}.Debug|Win32.Build.0 = Debug|Win32
		{ABDCD7C5-7800-4BCE-BE24-601FF234D78C}.Debug|x64.ActiveCfg = Debug|x64
		{ABDCD7C5-7800-4BCE-BE24-601FF234D78C}.Debug|x64.Build.0 = Debug|x64
		{ABDCD7C5-7800-4BCE-BE24-601FF234D78C}.Release|Win32.ActiveCfg = Release|Win32
		{ABDCD7C5-7800-4BCE-BE24-601FF234D78C}.Release|Win32.Build.0 = Release|Win32
		{ABDCD7C5-7800-4BCE-BE24-601FF234D78C}.Release|x64.ActiveCfg = Release|x64
		{ABDCD7C5-7800-4BCE-BE24-601FF234D78C}.Release|x64.Build.0 = Release|x64
		{3BFC6FF5-EFD4-4DC3-9787-EC6935642BA8}.Debug|Win32.ActiveCfg = Debug|Win32
		{3BFC6FF5-EFD4-4DC3-9787-EC6935642BA8}.Debug|Win32.Build.0 = Debug|Win32
		{3BFC6FF5-EFD4-4DC3-9787-EC6935642BA8}.Debug|x64.ActiveCfg = Debug|x64
		{3BFC6FF5-EFD4-4DC3-9787-EC6935642BA8}.Debug|x64.Build.0 = Debug|x64
		{3BFC6FF5-EFD4-4DC3-9787-EC6935642BA8}.Release|Win32.ActiveCfg = Release|Win32
		{3BFC6FF5-EFD4-4DC3-9787-EC6935642BA8}.Release|Win32.Build.0 = Release|Win32
		{3BFC6FF5-EFD4-4DC3-9787-EC6935642BA8}.Release|x64.ActiveCfg = Release|x64
		{3BFC6FF5-EFD4-4DC3-9787-EC6935642BA8}.Release|x64.Build.0 = Release|x64
		{88F77044-FAE4-4090-9FC9-11FD6608663A}.Debug|Win32.ActiveCfg = Debug|Win32
		{88F77044-FAE4-4090-9FC9-11FD6608663A}.Debug|Win32.Build.0 = Debug|Win32
		{88F77044-FAE4-4090-9FC9-11FD6608663A}.Debug|x64.ActiveCfg = Debug|x64
		{88F77044-FAE4-4090-9FC9-11FD6608663A}.Debug|x64.Build.0 = Debug|x64
		{88F77044-FAE4-4090-9FC9-11FD6608663A}.Release|Win32.ActiveCfg = Release|Win32
		{88F77044-FAE4-4090-9FC9-11FD6608663A}.Release|Win32.Build.0 = Release|Win32
		{88F77044-FAE4-4090-9FC9-11FD6608663A}.Release|x64.ActiveCfg = Release|x64
		{88F77044-FAE4-4090-9FC9-11FD6608663A}.Release|x64.Build.0 = Release|x64
		{D4C2D019-9FC1-4A5F-B8E4-A8FBD9D50CAF}.Debug|Win32.ActiveCfg = Debug|Win32
		{D4C2D019-9FC1-4A5F-B8E4-A8FBD9D50CAF}.Debug|Win32.Build.0 = Debug|Win32
		{D4C2D019-9FC1-4A5F-B8E4-A8FBD9D50CAF}.Debug|x64.ActiveCfg = Debug|x64
		{D4C2D019-9FC1-4A5F-B8E4-A8FBD9D50CAF}.Debug|x64.Build.0 = Debug|x64
		{D4C2D019-9FC1-4A5F-B8E4-A8FBD9D50CAF}.Release|Win32.ActiveCfg = Release|Win32
		{D4C2D019-9FC1-4A5F-B8E4-A8FBD9D50CAF}.Release|Win32.Build.0 = Release|Win32
		{D4C2D019-9FC1-4A5F-B8E4-A8FBD9D50CAF}.Release|x64.ActiveCfg = Release|x64
		{D4C2D019-9FC1-4A5F-B8E4-A8FBD9D50CAF}.Release|x64.Build.0 = Release|x64
		{E3FFC333-01DB-40CB-8EF1-822A705AB2B1}.Debug|Win32.ActiveCfg = Debug|Win32
		{E3FFC333-01DB-40CB-8EF1-822A705AB2B1}.Debug|Win32.Build.0 = Debug|Win32
		{E3FFC333-01DB-40CB-8EF1-822A705AB2B1}.Debug|x64.ActiveCfg = Debug|x64
		{E3FFC333-01DB-40CB-8EF1-822A705AB2B1}.Debug|x64.Build.0 = Debug|x64
		{E3FFC333-01DB-40CB-8EF1-822A705AB2B1}.Release|Win32.ActiveCfg = Release|Win32
		{E3FFC333-01DB-40CB-8EF1-822A705AB2B1}.Release|Win32.Build.0 = Release|Win32
		{E3FFC333-01DB-40CB-8EF1-822A705AB2B1}.Release|x64.ActiveCfg = Release|x64
		{E3FFC333-01DB-40CB-8EF1-822A705AB2B1}.Release|x64.Build.0 = Release|x64
		{5511BE3B-C101-4525-8364-6A86A7B2DFBC}.Debug|Win32.ActiveCfg = Debug|Win32
		{5511BE3B-C101-4525-8364-6A86A7B2DFBC}.Debug|Win32.Build.0 = Debug|Win32
		{5511BE3B-C101-4525-8364-6A86A7B2DFBC}.Debug|x64.ActiveCfg = Debug|x64
		{5511BE3B-C101-4525-8364-6A86A7B2DFBC}.Debug|x64.Build.0 = Debug|x64
		{5511BE3B-C101-4525-8364-6A86A7B2DFBC}.Release|Win32.ActiveCfg = Release|Win32
		{5511BE3B-C101-4525-8364-6A86A7B2DFBC}.Release|Win32.Build.0 = Release|Win32
		{5511BE3B-C101-4525-8364-6A86A7B2DFBC}.Release|x64.ActiveCfg = Release|x64
		{5511BE3B-C101-4525-8364-6A86A7B2DFBC}.Release|x64.Build.0 = Release|x64
		{3820930F-1FBF-45FB-BD86-706C4A336AEC}.Debug|Win32.ActiveCfg = Debug|Win32
		{3820930F-1FBF-45FB-BD86-706C4A336AEC}.Debug|Win32.Build.0 = Debug|Win32
		{3820930F-1FBF-45FB-BD86-706C4A336AEC}.Debug|x64.ActiveCfg = Debug|x64
		{3820930F-1FBF-45FB-BD86-706C4A336AEC}.Debug|x64.Build.0 = Debug|x64
		{3820930F-1FBF-45FB-BD86-706C4A336AEC}.Release|Win32.ActiveCfg = Release|Win32
		{3820930F-1FBF-45FB-BD86-706C4A336AEC}.Release|Win32.Build.0 = Release|Win32
		{3820930F-1FBF-45FB-BD86-706C4A336AEC}.Release|x64.ActiveCfg = Release|x64
		{3820930F-1FBF-45FB-BD86-706C4A336AEC}.Release|x64.Build.0 = Release|x64
		{0EF91D4A-ADAA-4C5B-96F7-E37F754AA240}.Debug|Win32.ActiveCfg = Debug|Win32
		{0EF91D4A-ADAA-4C5B-96F7-E37F754AA240}.Debug|Win32.Build.0 = Debug|Win32
		{0EF91D4A-ADAA-4C5B-96F7-E37F754AA240}.Debug|x64.ActiveCfg = Debug|x64
		{0EF91D4A-ADAA-4C5B-96F7-E37F754AA240}.Debug|x64.Build.0 = Debug|x64
		{0EF91D4A-ADAA-4C5B-96F7-E37F754AA240}.Release|Win32.ActiveCfg = Release|Win32
		{0EF91D4A-ADAA-4C5B-96F7-E37F754AA240}.Release|Win32.Build.0 = Release|Win32
		{0EF91D4A-ADAA-4C5B-96F7-E37F754AA240}.Release|x64.ActiveCfg = Release|x64
		{0EF91D4A-ADAA-4C5B-96F7-E37F754AA240}.Release|x64.Build.0 = Release|x64
		{8D43BD7B-B89B-40F9-A271-B6CC7A4DB1AA}.Debug|Win32.ActiveCfg = Debug|Win32
		{8D43BD7B-B89B-40F9-A271-B6CC7A4DB1AA}.Debug|Win32.Build.0 = Debug|Win32
		{8D43BD7B-B89B-40F9-A271-B6CC7A4DB1AA}.Debug|x64.ActiveCfg = Debug|x64
		{8D43BD7B-B89B-40F9-A271-B6CC7A4DB1AA}.Debug|x64.Build.0 = Debug|x64
		{8D43BD7B-B89B-40F9-A271-B6CC7A4DB1AA}.Release|Win32.ActiveCfg = Release|Win32
		{8D43BD7B-B89B-40F9-A271-B6CC7A4DB1AA}.Release|Win32.Build.0 = Release|Win32
		{8D43BD7B-B89B-40F9-A271-B6CC7A4DB1AA}.Release|x64.ActiveCfg = Release|x64
		{8D43BD7B-B89B-40F9-A271-B6CC7A4DB1AA}.Release|x64.Build.0 = Release|x64
		{D011EE3F-FB1B-498B-A792-C9CC4E358DF1}.Debug|Win32.ActiveCfg = Debug|Win32
		{D011EE3F-FB1B-498B-A792-C9CC4E358DF1}.Debug|Win32.Build.0 = Debug|Win32
		{D011EE3F-FB1B-498B-A792-C9CC4E358DF1}.Debug|x64.ActiveCfg = Debug|x64
		{D011EE3F-FB1B-498B-A792-C9CC4E358DF1}.Debug|x64.Build.0 = Debug|x64
		{D011EE3F-FB1B-498B-A792-C9CC4E358DF1}.Release|Win32.ActiveCfg = Release|Win32
		{D011EE3F-FB1B-498B-A792-C9CC4E358DF1}.Release|Win32.Build.0 = Release|Win32
		{D011EE3F-FB1B-498B-A792-C9CC4E358DF1}.Release|x64.ActiveCfg = Release|x64
		{D011EE3F-FB1B-498B-A792-C9CC4E358DF1}.Release|x64.Build.0 = Release|x64
		{3D5760CF-7794-459F-BCEE-748D1B65C4EB}.Debug|Win32.ActiveCfg = Debug|Win32
		{3D5760CF-7794-459F-BCEE-748D1B65C4EB}.Debug|Win32.Build.0 = Debug|Win32
		{3D5760CF-7794-459F-BCEE-748D1B65C4EB}.Debug|x64.ActiveCfg = Debug|x64
		{3D5760CF-7794-459F-BCEE-748D1B65C4EB}.Debug|x64.Build.0 = Debug|x64
		{3D5760CF-7794-459F-BCEE-748D1B65C4EB}.Release|Win32.ActiveCfg = Release|Win32
		{3D5760CF-7794-459F-BCEE-748D1B65C4EB}.Release|Win32.Build.0 = Release|Win32
		{3D5760CF-7794-459F-BCEE-748D1B65C4EB}.Release|x64.ActiveCfg = Release|x64
		{3D5760CF-7794-459F-BCEE-748D1B65C4EB}.Release|x64.Build.0 = Release|x64
		{819F2452-CAF0-4872-9686-A746050643AC}.Debug|Win32.ActiveCfg = Debug|Win32
		{819F2452-CAF0-4872-9686-A746050643AC}.Debug|Win32.Build.0 = Debug|Win32
		{819F2452-CAF0-4872-9686-A746050643AC}.Debug|x64.ActiveCfg = Debug|x64
		{819F2452-CAF0-4872-9686-A746050643AC}.Debug|x64.Build.0 = Debug|x64
		{819F2452-CAF0-4872-9686-A746050643AC}.Release|Win32.ActiveCfg = Release|Win32
		{819F2452-CAF0-4872-9686-A746050643AC}.Release|Win32.Build.0 = Release|Win32
		{819F2452-CAF0-4872-9686-A746050643AC}.Release|x64.ActiveCfg = Release|x64
		{819F2452-CAF0-4872-9686-A746050643AC}.Release|x64.Build.0 = Release|x64
		{40E32714-2E80-439D-8F6B-0CDF92728870}.Debug|Win32.ActiveCfg = Debug|Win32
		{40E32714-2E80-439D-8F6B-0CDF92728870}.Debug|Win32.Build.0 = Debug|Win32
		{40E32714-2E80-439D-8F6B-0CDF92728870}.Debug|x64.ActiveCfg = Debug|x64
		{40E32714-2E80-439D-8F6B-0CDF92728870}.Debug|x64.Build.0 = Debug|x64
		{40E32714-2E80-439D-8F6B-0CDF92728870}.Release|Win32.ActiveCfg = Release|Win32
		{40E32714-2E80-439D-8F6B-0CDF92728870}.Release|Win32.Build.0 = Release|Win32
		{40E32714-2E80-439D-8F6B-0CDF92728870}.Release|x64.ActiveCfg = Release|x64
		{40E32714-2E80-439D-8F6B-0CDF92728870}.Release|x64.Build.0 = Release|x64
		{83C1B5F8-0B4C-43BA-BFF7-ABA4F2FDFA55}.Debug|Win32.ActiveCfg = Debug|Win32
		{83C1B5F8-0B4C-43BA-BFF7-ABA4F2FDFA55}.Debug|Win32.Build.0 = Debug|Win32
		{83C1B5F8-0B4C-43BA-BFF7-ABA4F2FDFA55}.Debug|x64.ActiveCfg = Debug|x64
		{83C1B5F8-0B4C-43BA-BFF7-ABA4F2FDFA55}.Debug|x64.Build.0 = Debug|x64
		{83C1B5F8-0B4C-43BA-BFF7-ABA4F2FDFA55}.Release|Win32.ActiveCfg = Release|Win32
		{83C1B5F8-0B4C-43BA-BFF7-ABA4F2FDFA55}.Release|Win32.Build.0 = Release|Win32
		{83C1B5F8-0B4C-43BA-BFF7-ABA4F2FDFA55}.Release|x64.ActiveCfg = Release|x64
		{83C1B5F8-0B4C-43BA-BFF7-ABA4F2FDFA55}.Release|x64.Build.0 = Release|x64
		{1EBA747D-0737-414D-9993-BA2AF22BD537}.Debug|Win32.ActiveCfg = Debug|Win32
		{1EBA747D-0737-414D-9993-BA2AF22BD537}.Debug|Win32.Build.0 = Debug|Win32
		{1EBA747D-0737-414D-9993-BA2AF22BD537}.Debug|x64.ActiveCfg = Debug|x64
		{1EBA747D-0737-414D-9993-BA2AF22BD537}.Debug|x64.Build.0 = Debug|x64
		{1EBA747D-0737-414D-9993-BA2AF22BD537}.Release|Win32.ActiveCfg = Release|Win32
		{1EBA747D-0737-414D-9993-BA2AF22BD537}.Release|Win32.Build.0 = Release|Win32
		{1EBA747D-0737-414D-9993-BA2AF22BD537}.Release|x64.ActiveCfg = Release|x64
		{1EBA747D-0737-414D-9993-BA2AF22BD537}.Release|x64.Build.0 = Release|x64
		{36866361-7A07-44C3-9A8C-3AE76BDB5F4F}.Debug|Win32.ActiveCfg = Debug|Win32
		{36866361-7A07-44C3-9A8C-3AE76BDB5F4F}.Debug|Win32.Build.0 = Debug|Win32
		{36866361-7A07-44C3-9A8C-3AE76BDB5F4F}.Debug|x64.ActiveCfg = Debug|x64
		{36866361-7A07-44C3-9A8C-3AE76BDB5F4F}.Debug|x64.Build.0 = Debug|x64
		{36866361-7A07-44C3-9A8C-3AE76BDB5F4F}.Release|Win32.ActiveCfg = Release|Win32
		{36866361-7A07-44C3-9A8C-3AE76BDB5F4F}.Release|Win32.Build.0 = Release|Win32
		{36866361-7A07-44C3-9A8C-3AE76BDB5F4F}.Release|x64.ActiveCfg = Release|x64
		{36866361-7A07-44C3-9A8C-3AE76BDB5F4F}.Release|x64.Build.0 = Release|x64
		{96436AF1-E263-401F-9928-E31854024573}.Debug|Win32.ActiveCfg = Debug|Win32
		{96436AF1-E263-401F-9928-E31854024573}.Debug|Win32.Build.0 = Debug|Win32
		{96436AF1-E263-401F-9928-E31854024573}.Debug|x64.ActiveCfg = Debug|x64
		{96436AF1-E263-401F-9928-E31854024573}.Debug|x64.Build.0 = Debug|x64
		{96436AF1-E263-401F-9928-E31854024573}.Release|Win32.ActiveCfg = Release|Win32
		{96436AF1-E263-401F-9928-E31854024573}.Release|Win32.Build.0 = Release|Win32
		{96436AF1-E263-401F-9928-E31854024573}.Release|x64.ActiveCfg = Release|x64
		{96436AF1-E263-401F-9928-E31854024573}.Release|x64.Build.0 = Release|x64
		{03B8A462-8D1E-47A6-A2D3-4BDDA3BDDC4C}.Debug|Win32.ActiveCfg = Debug|Win32
		{03B8A462-8D1E-47A6-A2D3-4BDDA3BDDC4C}.Debug|Win32.Build.0 = Debug|Win32
		{03B8A462-8D1E-47A6-A2D3-4BDDA3BDDC4C}.Debug|x64.ActiveCfg = Debug|x64
		{03B8A462-8D1E-47A6-A2D3-4BDDA3BDDC4C}.Debug|x64.Build.0 = Debug|x64
		{03B8A462-8D1E-47A6-A2D3-4BDDA3BDDC4C}.Release|Win32.ActiveCfg = Release|Win32
		{03B8A462-8D1E-47A6-A2D3-4BDDA3BDDC4C}.Release|Win32.Build.0 = Release|Win32
		{03B8A462-8D1E-47A6-A2D3-4BDDA3BDDC4C}.Release|x64.ActiveCfg = Release|x64
		{03B8A462-8D1E-47A6-A2D3-4BDDA3BDDC4C}.Release|x64.Build.0 = Release|x64
		{5EBF8ECD-D4B2-4783-935B-893DD7329C6E}.Debug|Win32.ActiveCfg = Debug|Win32
		{5EBF8ECD-D4B2-4783-935B-893DD7329C6E}.Debug|Win32.Build.0 = Debug|Win32
		{5EBF8ECD-D4B2-4783-935B-893DD7329C6E}.Debug|x64.ActiveCfg = Debug|x64
		{5EBF8ECD-D4B2-4783-935B-893DD7329C6E}.Debug|x64.Build.0 = Debug|x64
		{5EBF8ECD-D4B2-4783-935B-893DD7329C6E}.Release|Win32.ActiveCfg = Release|Win32
		{5EBF8ECD-D4B2-4783-935B-893DD7329C6E}.Release|Win32.Build.0 = Release|Win32
		{5EBF8ECD-D4B2-4783-935B-893DD7329C6E}.Release|x64.ActiveCfg = Release|x64
		{5EBF8ECD-D4B2-4783-935B-893DD7329C6E}.Release|x64.Build.0 = Release|x64
		{0C687A1C-F4CE-4275-9913-BDC2132722E3}.Debug|Win32.ActiveCfg = Debug|Win32
		{0C687A1C-F4CE-4275-9913-BDC2132722E3}.Debug|Win32.Build.0 = Debug|Win32
		{0C687A1C-F4CE-4275-9913-BDC2132722E3}.Debug|x64.ActiveCfg = Debug|x64
		{0C687A1C-F4CE-4275-9913-BDC2132722E3}.Debug|x64.Build.0 = Debug|x64
		{0C687A1C-F4CE-4275-9913-BDC2132722E3}.Release|Win32.ActiveCfg = Release|Win32
		{0C687A1C-F4CE-4275-9913-BDC2132722E3}.Release|Win32.Build.0 = Release|Win32
		{0C687A1C-F4CE-4275-9913-BDC2132722E3}.Release|x64.ActiveCfg = Release|x64
		{0C687A1C-F4CE-4275-9913-BDC2132722E3}.Release|x64.Build.0 = Release|x64
		{A6FEEF5A-C23C-4CD1-8BBD-60581096D414}.Debug|Win32.ActiveCfg = Debug|Win32
		{A6FEEF5A-C23C-4CD1-8BBD-60581096D414}.Debug|Win32.Build.0 = Debug|Win32
		{A6FEEF5A-C23C-4CD1-8BBD-60581096D414}.Debug|x64.ActiveCfg = Debug|x64
		{A6FEEF5A-C23C-4CD1-8BBD-60581096D414}.Debug|x64.Build.0 = Debug|x64
		{A6FEEF5A-C23C-4CD1-8BBD-60581096D414}.Release|Win32.ActiveCfg = Release|Win32
		{A6FEEF5A-C23C-4CD1-8BBD-60581096D414}.Release|Win32.Build.0 = Release|Win32
		{A6FEEF5A-C23C-4CD1-8BBD-60581096D414}.Release|x64.ActiveCfg = Release|x64
		{A6FEEF5A-C23C-4CD1-8BBD-60581096D414}.Release|x64.Build.0 = Release|x64
		{8390826C-97B3-4240-8BF2-A88FA89E3D90}.Debug|Win32.ActiveCfg = Debug|Win32
		{8390826C-97B3-4240-8BF2-A88FA89E3D90}.Debug|Win32.Build.0 = Debug|Win32
		{8390826C-97B3-4240-8BF2-A88FA89E3D90}.Debug|x64.ActiveCfg = Debug|x64
		{8390826C-97B3-4240-8BF2-A88FA89E3D90}.Debug|x64.Build.0 = Debug|x64
		{8390826C-97B3-4240-8BF2-A88FA89E3D90}.Release|Win32.ActiveCfg = Release|Win32
		{8390826C-97B3-4240-8BF2-A88FA89E3D90}.Release|Win32.Build.0 = Release|Win32
		{8390826C-97B3-4240-8BF2-A88FA89E3D90}.Release|x64.ActiveCfg = Release|x64
		{8390826C-97B3-4240-8BF2-A88FA89E3D90}.Release|x64.Build.0 = Release|x64
		{193DDA89-8E61-4A78-B692-4D8B88AEDC94}.Debug|Win32.ActiveCfg = Debug|Win32
		{193DDA89-8E61-4A78-B692-4D8B88AEDC94}.Debug|Win32.Build.0 = Debug|Win32
		{193DDA89-8E61-4A78-B692-4D8B88AEDC94}.Debug|x64.ActiveCfg = Debug|x64
		{193DDA89-8E61-4A78-B692-4D8B88AEDC94}.Debug|x64.Build.0 = Debug|x64
		{193DDA89-8E61-4A78-B692-4D8B88AEDC94}.Release|Win32.ActiveCfg = Release|Win32
		{193DDA89-8E61-4A78-B692-4D8B88AEDC94}.Release|Win32.Build.0 = Release|Win32
		{193DDA89-8E61-4A78-B692-4D8B88AEDC94}.Release|x64.ActiveCfg = Release|x64
		{193DDA89-8E61-4A78-B692-4D8B88AEDC94}.Release|x64.Build.0 = Release|x64
		{19D16FBB-7A6C-45F4-A6E3-040100E2AE92}.Debug|Win32.ActiveCfg = Debug|Win32
		{19D16FBB-7A6C-45F4-A6E3-040100E2AE92}.Debug|Win32.Build.0 = Debug|Win32
		{19D16FBB-7A6C-45F4-A6E3-040100E2AE92}.Debug|x64.ActiveCfg = Debug|x64
		{19D16FBB-7A6C-45F4-A6E3-040100E2AE92}.Debug|x64.Build.0 = Debug|x64
		{19D16FBB-7A6C-45F4-A6E3-040100E2AE92}.Release|Win32.ActiveCfg = Release|Win32
		{19D16FBB-7A6C-45F4-A6E3-040100E2AE92}.Release|Win32.Build.0 = Release|Win32
		{19D16FBB-7A6C-45F4-A6E3-040100E2AE92}.Release|x64.ActiveCfg = Release|x64
		{19D16FBB-7A6C-45F4-A6E3-040100E2AE92}.Release|x64.Build.0 = Release|x64
		{B39F3619-FFBF-45BE-A31D-3637B07877AF}.Debug|Win32.ActiveCfg = Debug|Win32
		{B39F3619-FFBF-45BE-A31D-3637B07877AF}.Debug|Win32.Build.0 = Debug|Win32
		{B39F3619-FFBF-45BE-A31D-3637B07877AF}.Debug|x64.ActiveCfg = Debug|x64
		{B39F3619-FFBF-45BE-A31D-3637B07877AF}.Debug|x64.Build.0 = Debug|x64
		{B39F3619-FFBF-45BE-A31D-3637B07877AF}.Release|Win32.ActiveCfg = Release|Win32
		{B39F3619-FFBF-45BE-A31D-3637B07877AF}.Release|Win32.Build.0 = Release|Win32
		{B39F3619-FFBF-45BE-A31D-3637B07877AF}.Release|x64.ActiveCfg = Release|x64
		{B39F3619-FFBF-45BE-A31D-3637B07877AF}.Release|x64.Build.0 = Release|x64
		{57A4F038-EA00-4EEC-B6B1-B701560E0CAF}.Debug|Win32.ActiveCfg = Debug|Win32
		{57A4F038-EA00-4EEC-B6B1-B701560E0CAF}.Debug|Win32.Build.0 = Debug|Win32
		{57A4F038-EA00-4EEC-B6B1-B701560E0CAF}.Debug|x64.ActiveCfg = Debug|x64
		{57A4F038-EA00-4EEC-B6B1-B701560E0CAF}.Debug|x64.Build.0 = Debug|x64
		{57A4F038-EA00-4EEC-B6B1-B701560E0CAF}.Release|Win32.ActiveCfg = Release|Win32
		{57A4F038-EA00-4EEC-B6B1-B701560E0CAF}.Release|Win32.Build.0 = Release|Win32
		{57A4F038-EA00-4EEC-B6B1-B701560E0CAF}.Release|x64.ActiveCfg = Release|x64
		{57A4F038-EA00-4EEC-B6B1-B701560E0CAF}.Release|x64.Build.0 = Release|x64
	EndGlobalSection
	GlobalSection(SolutionProperties) = preSolution
		HideSolutionNode = FALSE
	EndGlobalSection
	GlobalSection(ExtensibilityGlobals) = postSolution
		SolutionGuid = {34B8F3FE-D556-4F8C-BF77-CA20138CFCE2}
	EndGlobalSection
EndGlobal
